// !$*UTF8*$!
{
	archiveVersion = 1;
	classes = {
	};
	objectVersion = 46;
	objects = {

/* Begin PBXBuildFile section */
		045B22531C8B17C400ECB8C0 /* main.m in Sources */ = {isa = PBXBuildFile; fileRef = 045B22521C8B17C400ECB8C0 /* main.m */; };
		045B22561C8B17C400ECB8C0 /* AppDelegate.m in Sources */ = {isa = PBXBuildFile; fileRef = 045B22551C8B17C400ECB8C0 /* AppDelegate.m */; };
		045B22591C8B17C400ECB8C0 /* ViewController.m in Sources */ = {isa = PBXBuildFile; fileRef = 045B22581C8B17C400ECB8C0 /* ViewController.m */; };
		045B225C1C8B17C400ECB8C0 /* Main.storyboard in Resources */ = {isa = PBXBuildFile; fileRef = 045B225A1C8B17C400ECB8C0 /* Main.storyboard */; };
		045B225E1C8B17C400ECB8C0 /* Assets.xcassets in Resources */ = {isa = PBXBuildFile; fileRef = 045B225D1C8B17C400ECB8C0 /* Assets.xcassets */; };
		045B22611C8B17C400ECB8C0 /* LaunchScreen.storyboard in Resources */ = {isa = PBXBuildFile; fileRef = 045B225F1C8B17C400ECB8C0 /* LaunchScreen.storyboard */; };
/* End PBXBuildFile section */

/* Begin PBXFileReference section */
		045B224E1C8B17C400ECB8C0 /* GCDDemo.app */ = {isa = PBXFileReference; explicitFileType = wrapper.application; includeInIndex = 0; path = GCDDemo.app; sourceTree = BUILT_PRODUCTS_DIR; };
		045B22521C8B17C400ECB8C0 /* main.m */ = {isa = PBXFileReference; lastKnownFileType = sourcecode.c.objc; path = main.m; sourceTree = "<group>"; };
		045B22541C8B17C400ECB8C0 /* AppDelegate.h */ = {isa = PBXFileReference; lastKnownFileType = sourcecode.c.h; path = AppDelegate.h; sourceTree = "<group>"; };
		045B22551C8B17C400ECB8C0 /* AppDelegate.m */ = {isa = PBXFileReference; lastKnownFileType = sourcecode.c.objc; path = AppDelegate.m; sourceTree = "<group>"; };
		045B22571C8B17C400ECB8C0 /* ViewController.h */ = {isa = PBXFileReference; lastKnownFileType = sourcecode.c.h; path = ViewController.h; sourceTree = "<group>"; };
		045B22581C8B17C400ECB8C0 /* ViewController.m */ = {isa = PBXFileReference; lastKnownFileType = sourcecode.c.objc; path = ViewController.m; sourceTree = "<group>"; };
		045B225B1C8B17C400ECB8C0 /* Base */ = {isa = PBXFileReference; lastKnownFileType = file.storyboard; name = Base; path = Base.lproj/Main.storyboard; sourceTree = "<group>"; };
		045B225D1C8B17C400ECB8C0 /* Assets.xcassets */ = {isa = PBXFileReference; lastKnownFileType = folder.assetcatalog; path = Assets.xcassets; sourceTree = "<group>"; };
		045B22601C8B17C400ECB8C0 /* Base */ = {isa = PBXFileReference; lastKnownFileType = file.storyboard; name = Base; path = Base.lproj/LaunchScreen.storyboard; sourceTree = "<group>"; };
		045B22621C8B17C400ECB8C0 /* Info.plist */ = {isa = PBXFileReference; lastKnownFileType = text.plist.xml; path = Info.plist; sourceTree = "<group>"; };
/* End PBXFileReference section */

/* Begin PBXFrameworksBuildPhase section */
		045B224B1C8B17C400ECB8C0 /* Frameworks */ = {
			isa = PBXFrameworksBuildPhase;
			buildActionMask = 2147483647;
			files = (
			);
			runOnlyForDeploymentPostprocessing = 0;
		};
/* End PBXFrameworksBuildPhase section */

/* Begin PBXGroup section */
		045B22451C8B17C400ECB8C0 = {
			isa = PBXGroup;
			children = (
				045B22501C8B17C400ECB8C0 /* GCDDemo */,
				045B224F1C8B17C400ECB8C0 /* Products */,
			);
			sourceTree = "<group>";
		};
		045B224F1C8B17C400ECB8C0 /* Products */ = {
			isa = PBXGroup;
			children = (
				045B224E1C8B17C400ECB8C0 /* GCDDemo.app */,
			);
			name = Products;
			sourceTree = "<group>";
		};
		045B22501C8B17C400ECB8C0 /* GCDDemo */ = {
			isa = PBXGroup;
			children = (
				045B22541C8B17C400ECB8C0 /* AppDelegate.h */,
				045B22551C8B17C400ECB8C0 /* AppDelegate.m */,
				045B22571C8B17C400ECB8C0 /* ViewController.h */,
				045B22581C8B17C400ECB8C0 /* ViewController.m */,
				045B225A1C8B17C400ECB8C0 /* Main.storyboard */,
				045B225D1C8B17C400ECB8C0 /* Assets.xcassets */,
				045B225F1C8B17C400ECB8C0 /* LaunchScreen.storyboard */,
				045B22621C8B17C400ECB8C0 /* Info.plist */,
				045B22511C8B17C400ECB8C0 /* Supporting Files */,
			);
			path = GCDDemo;
			sourceTree = "<group>";
		};
		045B22511C8B17C400ECB8C0 /* Supporting Files */ = {
			isa = PBXGroup;
			children = (
				045B22521C8B17C400ECB8C0 /* main.m */,
			);
			name = "Supporting Files";
			sourceTree = "<group>";
		};
/* End PBXGroup section */

/* Begin PBXNativeTarget section */
		045B224D1C8B17C400ECB8C0 /* GCDDemo */ = {
			isa = PBXNativeTarget;
			buildConfigurationList = 045B22651C8B17C400ECB8C0 /* Build configuration list for PBXNativeTarget "GCDDemo" */;
			buildPhases = (
				045B224A1C8B17C400ECB8C0 /* Sources */,
				045B224B1C8B17C400ECB8C0 /* Frameworks */,
				045B224C1C8B17C400ECB8C0 /* Resources */,
			);
			buildRules = (
			);
			dependencies = (
			);
			name = GCDDemo;
			productName = GCDDemo;
			productReference = 045B224E1C8B17C400ECB8C0 /* GCDDemo.app */;
			productType = "com.apple.product-type.application";
		};
/* End PBXNativeTarget section */

/* Begin PBXProject section */
		045B22461C8B17C400ECB8C0 /* Project object */ = {
			isa = PBXProject;
			attributes = {
				LastUpgradeCheck = 0720;
				ORGANIZATIONNAME = dongdong;
				TargetAttributes = {
					045B224D1C8B17C400ECB8C0 = {
						CreatedOnToolsVersion = 7.2.1;
					};
				};
			};
			buildConfigurationList = 045B22491C8B17C400ECB8C0 /* Build configuration list for PBXProject "GCDDemo" */;
			compatibilityVersion = "Xcode 3.2";
			developmentRegion = English;
			hasScannedForEncodings = 0;
			knownRegions = (
				en,
				Base,
			);
			mainGroup = 045B22451C8B17C400ECB8C0;
			productRefGroup = 045B224F1C8B17C400ECB8C0 /* Products */;
			projectDirPath = "";
			projectRoot = "";
			targets = (
				045B224D1C8B17C400ECB8C0 /* GCDDemo */,
			);
		};
/* End PBXProject section */

/* Begin PBXResourcesBuildPhase section */
		045B224C1C8B17C400ECB8C0 /* Resources */ = {
			isa = PBXResourcesBuildPhase;
			buildActionMask = 2147483647;
			files = (
				045B22611C8B17C400ECB8C0 /* LaunchScreen.storyboard in Resources */,
				045B225E1C8B17C400ECB8C0 /* Assets.xcassets in Resources */,
				045B225C1C8B17C400ECB8C0 /* Main.storyboard in Resources */,
			);
			runOnlyForDeploymentPostprocessing = 0;
		};
/* End PBXResourcesBuildPhase section */

/* Begin PBXSourcesBuildPhase section */
		045B224A1C8B17C400ECB8C0 /* Sources */ = {
			isa = PBXSourcesBuildPhase;
			buildActionMask = 2147483647;
			files = (
				045B22591C8B17C400ECB8C0 /* ViewController.m in Sources */,
				045B22561C8B17C400ECB8C0 /* AppDelegate.m in Sources */,
				045B22531C8B17C400ECB8C0 /* main.m in Sources */,
			);
			runOnlyForDeploymentPostprocessing = 0;
		};
/* End PBXSourcesBuildPhase section */

/* Begin PBXVariantGroup section */
		045B225A1C8B17C400ECB8C0 /* Main.storyboard */ = {
			isa = PBXVariantGroup;
			children = (
				045B225B1C8B17C400ECB8C0 /* Base */,
			);
			name = Main.storyboard;
			sourceTree = "<group>";
		};
		045B225F1C8B17C400ECB8C0 /* LaunchScreen.storyboard */ = {
			isa = PBXVariantGroup;
			children = (
				045B22601C8B17C400ECB8C0 /* Base */,
			);
			name = LaunchScreen.storyboard;
			sourceTree = "<group>";
		};
/* End PBXVariantGroup section */

/* Begin XCBuildConfiguration section */
		045B22631C8B17C400ECB8C0 /* Debug */ = {
			isa = XCBuildConfiguration;
			buildSettings = {
				ALWAYS_SEARCH_USER_PATHS = NO;
				CLANG_CXX_LANGUAGE_STANDARD = "gnu++0x";
				CLANG_CXX_LIBRARY = "libc++";
				CLANG_ENABLE_MODULES = YES;
				CLANG_ENABLE_OBJC_ARC = YES;
				CLANG_WARN_BOOL_CONVERSION = YES;
				CLANG_WARN_CONSTANT_CONVERSION = YES;
				CLANG_WARN_DIRECT_OBJC_ISA_USAGE = YES_ERROR;
				CLANG_WARN_EMPTY_BODY = YES;
				CLANG_WARN_ENUM_CONVERSION = YES;
				CLANG_WARN_INT_CONVERSION = YES;
				CLANG_WARN_OBJC_ROOT_CLASS = YES_ERROR;
				CLANG_WARN_UNREACHABLE_CODE = YES;
				CLANG_WARN__DUPLICATE_METHOD_MATCH = YES;
				"CODE_SIGN_IDENTITY[sdk=iphoneos*]" = "iPhone Developer";
				COPY_PHASE_STRIP = NO;
				DEBUG_INFORMATION_FORMAT = dwarf;
				ENABLE_STRICT_OBJC_MSGSEND = YES;
				ENABLE_TESTABILITY = YES;
				GCC_C_LANGUAGE_STANDARD = gnu99;
				GCC_DYNAMIC_NO_PIC = NO;
				GCC_NO_COMMON_BLOCKS = YES;
				GCC_OPTIMIZATION_LEVEL = 0;
				GCC_PREPROCESSOR_DEFINITIONS = (
					"DEBUG=1",
					"$(inherited)",
				);
				GCC_WARN_64_TO_32_BIT_CONVERSION = YES;
				GCC_WARN_ABOUT_RETURN_TYPE = YES_ERROR;
				GCC_WARN_UNDECLARED_SELECTOR = YES;
				GCC_WARN_UNINITIALIZED_AUTOS = YES_AGGRESSIVE;
				GCC_WARN_UNUSED_FUNCTION = YES;
				GCC_WARN_UNUSED_VARIABLE = YES;
				IPHONEOS_DEPLOYMENT_TARGET = 9.2;
				MTL_ENABLE_DEBUG_INFO = YES;
				ONLY_ACTIVE_ARCH = YES;
				SDKROOT = iphoneos;
				TARGETED_DEVICE_FAMILY = "1,2";
			};
			name = Debug;
		};
		045B22641C8B17C400ECB8C0 /* Release */ = {
			isa = XCBuildConfiguration;
			buildSettings = {
				ALWAYS_SEARCH_USER_PATHS = NO;
				CLANG_CXX_LANGUAGE_STANDARD = "gnu++0x";
				CLANG_CXX_LIBRARY = "libc++";
				CLANG_ENABLE_MODULES = YES;
				CLANG_ENABLE_OBJC_ARC = YES;
				CLANG_WARN_BOOL_CONVERSION = YES;
				CLANG_WARN_CONSTANT_CONVERSION = YES;
				CLANG_WARN_DIRECT_OBJC_ISA_USAGE = YES_ERROR;
				CLANG_WARN_EMPTY_BODY = YES;
				CLANG_WARN_ENUM_CONVERSION = YES;
				CLANG_WARN_INT_CONVERSION = YES;
				CLANG_WARN_OBJC_ROOT_CLASS = YES_ERROR;
				CLANG_WARN_UNREACHABLE_CODE = YES;
				CLANG_WARN__DUPLICATE_METHOD_MATCH = YES;
				"CODE_SIGN_IDENTITY[sdk=iphoneos*]" = "iPhone Developer";
				COPY_PHASE_STRIP = NO;
				DEBUG_INFORMATION_FORMAT = "dwarf-with-dsym";
				ENABLE_NS_ASSERTIONS = NO;
				ENABLE_STRICT_OBJC_MSGSEND = YES;
				GCC_C_LANGUAGE_STANDARD = gnu99;
				GCC_NO_COMMON_BLOCKS = YES;
				GCC_WARN_64_TO_32_BIT_CONVERSION = YES;
				GCC_WARN_ABOUT_RETURN_TYPE = YES_ERROR;
				GCC_WARN_UNDECLARED_SELECTOR = YES;
				GCC_WARN_UNINITIALIZED_AUTOS = YES_AGGRESSIVE;
				GCC_WARN_UNUSED_FUNCTION = YES;
				GCC_WARN_UNUSED_VARIABLE = YES;
				IPHONEOS_DEPLOYMENT_TARGET = 9.2;
				MTL_ENABLE_DEBUG_INFO = NO;
				SDKROOT = iphoneos;
				TARGETED_DEVICE_FAMILY = "1,2";
				VALIDATE_PRODUCT = YES;
			};
			name = Release;
		};
		045B22661C8B17C400ECB8C0 /* Debug */ = {
			isa = XCBuildConfiguration;
			buildSettings = {
				ASSETCATALOG_COMPILER_APPICON_NAME = AppIcon;
				INFOPLIST_FILE = GCDDemo/Info.plist;
				LD_RUNPATH_SEARCH_PATHS = "$(inherited) @executable_path/Frameworks";
				PRODUCT_BUNDLE_IDENTIFIER = yudongdong.GCDDemo;
				PRODUCT_NAME = "$(TARGET_NAME)";
			};
			name = Debug;
		};
		045B22671C8B17C400ECB8C0 /* Release */ = {
			isa = XCBuildConfiguration;
			buildSettings = {
				ASSETCATALOG_COMPILER_APPICON_NAME = AppIcon;
				INFOPLIST_FILE = GCDDemo/Info.plist;
				LD_RUNPATH_SEARCH_PATHS = "$(inherited) @executable_path/Frameworks";
				PRODUCT_BUNDLE_IDENTIFIER = yudongdong.GCDDemo;
				PRODUCT_NAME = "$(TARGET_NAME)";
			};
			name = Release;
		};
/* End XCBuildConfiguration section */

/* Begin XCConfigurationList section */
		045B22491C8B17C400ECB8C0 /* Build configuration list for PBXProject "GCDDemo" */ = {
			isa = XCConfigurationList;
			buildConfigurations = (
				045B22631C8B17C400ECB8C0 /* Debug */,
				045B22641C8B17C400ECB8C0 /* Release */,
			);
			defaultConfigurationIsVisible = 0;
			defaultConfigurationName = Release;
		};
		045B22651C8B17C400ECB8C0 /* Build configuration list for PBXNativeTarget "GCDDemo" */ = {
			isa = XCConfigurationList;
			buildConfigurations = (
				045B22661C8B17C400ECB8C0 /* Debug */,
				045B22671C8B17C400ECB8C0 /* Release */,
			);
			defaultConfigurationIsVisible = 0;
		};
/* End XCConfigurationList section */
	};
	rootObject = 045B22461C8B17C400ECB8C0 /* Project object */;
}
